metadata:
  version: "1.0"
artifacts:
  - download_url: https://indy.corp.redhat.com/api/content/maven/hosted/pnc-builds/com/ibm/watson/model-mesh/0.4.2.managedsvc-redhat-01865/model-mesh-0.4.2.managedsvc-redhat-01865.zip
    checksum: sha256:1331a8dc03a42cf2bffde3458673eb11ee961cf265542f78ebd26954a7b998ed
