metadata:
  version: "1.0"
artifacts:
  - download_url: https://indy.corp.redhat.com/api/content/maven/hosted/pnc-builds/com/ibm/watson/model-mesh/0.4.2.managedsvc-redhat-01787/model-mesh-0.4.2.managedsvc-redhat-01787.zip
    checksum: sha256:63578efa594c730784703825942350cb161bd313f913044f05858ce99240c5d8
