arches:
- arch: x86_64
  module_metadata: []
  packages:
  - checksum: sha256:d3157267cce88006c2ad3327ea7eb8983bea6f69327c157228b89814a3c473ae
    evr: 1.6-15.el9
    name: jq
    repoid: ubi-9-appstream-rpms
    size: 194271
    sourcerpm: jq-1.6-15.el9.src.rpm
    url: https://cdn-ubi.redhat.com/content/public/ubi/dist/ubi9/9/x86_64/appstream/os/Packages/j/jq-1.6-15.el9.x86_64.rpm
  - checksum: sha256:6c884cc2216e5b4699ebd8cde27b39e99532520b367f645ed6cc660d081916dc
    evr: 6.9.6-1.el9.5
    name: oniguruma
    repoid: ubi-9-appstream-rpms
    size: 226331
    sourcerpm: oniguruma-6.9.6-1.el9.5.src.rpm
    url: https://cdn-ubi.redhat.com/content/public/ubi/dist/ubi9/9/x86_64/appstream/os/Packages/o/oniguruma-6.9.6-1.el9.5.x86_64.rpm
  - checksum: sha256:a5366a624f63487a0cfc5fc2fe15148d6c31be27c80cf00815f25324e3d0d729
    evr: 1.21.1-8.el9_4
    name: wget
    repoid: ubi-9-appstream-rpms
    size: 807555
    sourcerpm: wget-1.21.1-8.el9_4.src.rpm
    url: https://cdn-ubi.redhat.com/content/public/ubi/dist/ubi9/9/x86_64/appstream/os/Packages/w/wget-1.21.1-8.el9_4.x86_64.rpm
  - checksum: sha256:ad1a62ef07682bb64a476c1a49f5cfc7abc9beb44775e7e511bf737e9a6bf99d
    evr: 0.21.1-5.el9
    name: libpsl
    repoid: ubi-9-baseos-rpms
    size: 67454
    sourcerpm: libpsl-0.21.1-5.el9.src.rpm
    url: https://cdn-ubi.redhat.com/content/public/ubi/dist/ubi9/9/x86_64/baseos/os/Packages/l/libpsl-0.21.1-5.el9.x86_64.rpm
  - checksum: sha256:e6ec3390a736b085f403168c512a6b2b6f8e12a8fd5a4459f1c7dbbff2b67c33
    evr: 20210518-3.el9
    name: publicsuffix-list-dafsa
    repoid: ubi-9-baseos-rpms
    size: 60882
    sourcerpm: publicsuffix-list-20210518-3.el9.src.rpm
    url: https://cdn-ubi.redhat.com/content/public/ubi/dist/ubi9/9/x86_64/baseos/os/Packages/p/publicsuffix-list-dafsa-20210518-3.el9.noarch.rpm
  - checksum: sha256:009698f3b4432b9df219fd2f894234aad1cee8c4e4e61384b4e293ef8e28e9c2
    evr: 6.0-58.el9_5
    name: unzip
    repoid: ubi-9-baseos-rpms
    size: 190785
    sourcerpm: unzip-6.0-58.el9_5.src.rpm
    url: https://cdn-ubi.redhat.com/content/public/ubi/dist/ubi9/9/x86_64/baseos/os/Packages/u/unzip-6.0-58.el9_5.x86_64.rpm
  source: []
lockfileVendor: redhat
lockfileVersion: 1
